
Microsoft Visual Studio Solution File, Format Version 12.00
# Visual Studio Version 17
VisualStudioVersion = 17.8.34316.72
MinimumVisualStudioVersion = 10.0.40219.1
Project("{FAE04EC0-301F-11D3-BF4B-00C04F79EFBC}") = "Gestion_Etudiants", "Gestion_Etudiants\Gestion_Etudiants.csproj", "{59A45204-E15C-4108-831E-D4E25E3DB494}"
EndProject
Global
	GlobalSection(SolutionConfigurationPlatforms) = preSolution
		Debug|Any CPU = Debug|Any CPU
		Release|Any CPU = Release|Any CPU
	EndGlobalSection
	GlobalSection(ProjectConfigurationPlatforms) = postSolution
		{59A45204-E15C-4108-831E-D4E25E3DB494}.Debug|Any CPU.ActiveCfg = Debug|Any CPU
		{59A45204-E15C-4108-831E-D4E25E3DB494}.Debug|Any CPU.Build.0 = Debug|Any CPU
		{59A45204-E15C-4108-831E-D4E25E3DB494}.Release|Any CPU.ActiveCfg = Release|Any CPU
		{59A45204-E15C-4108-831E-D4E25E3DB494}.Release|Any CPU.Build.0 = Release|Any CPU
	EndGlobalSection
	GlobalSection(SolutionProperties) = preSolution
		HideSolutionNode = FALSE
	EndGlobalSection
	GlobalSection(ExtensibilityGlobals) = postSolution
		SolutionGuid = {222BC235-A090-4E02-9B1A-AB3B6023328B}
	EndGlobalSection
EndGlobal
